github.com/google/go-cmp v0.6.0 h1:ofyhxvXcZhMsU5ulbFiLKl/XBFqE1GSq7atu8tAmTRI=
github.com/google/go-cmp v0.6.0/go.mod h1:17dUlkBOakJ0+DkrSSNjCkIjxS6bF9zb3elmeNGIjoY=
github.com/lib/pq v1.10.9 h1:YXG7RB+JIjhP29X+OtkiDnYaXQwpS4JEWq7dtCCRUEw=
github.com/lib/pq v1.10.9/go.mod h1:AlVN5x4E4T544tWzH6hKfbfQvm3HdbOxrmggDNAPY9o=
github.com/predictionguard/go-client v0.13.0 h1:7KJn5eX29LVJ+6gmZuAqBo4IL325KiwpiI29kL9GMbc=
github.com/predictionguard/go-client v0.13.0/go.mod h1:utsh7oH+Bsv1sYadTovIyouIPaV0Eu5D8ogkHmgCesE=
